schema: '2.0'
stages:
  load_data:
    cmd: python src/load_data.py
    deps:
    - path: src/load_data.py
      md5: c5787b0916e011ea4a83c7d461325188
      size: 240
    outs:
    - path: output/data.pkl
      md5: 35353c71da0985eed8bb507bbc53bd91
      size: 54950285
  train:
    cmd: python src/train.py
    deps:
    - path: output/data.pkl
      md5: 35353c71da0985eed8bb507bbc53bd91
      size: 54950285
    - path: src/train.py
      md5: b2b36c7878bfafa294bb9a963b97d115
      size: 2521
    params:
      params.yaml:
        train.batch_size: 128
        train.dropout: 0.4
        train.hidden_units: 64
        train.lr: 0.001
        train.num_epochs: 2
    outs:
    - path: output/model.h5
      md5: f00d4b966bab458f8636876df03c30f6
      size: 3681080
    - path: output/train/train_accuracy.csv
      md5: 9ea762aba918460a4813f49c6d1939e0
      size: 57
    - path: output/train/train_loss.csv
      md5: 26b8e30b99ad35fb89b5117db49b1b8c
      size: 53
  evaluate:
    cmd: python src/evaluate.py
    deps:
    - path: output/data.pkl
      md5: 35353c71da0985eed8bb507bbc53bd91
      size: 54950285
    - path: output/model.h5
      md5: f00d4b966bab458f8636876df03c30f6
      size: 3681080
    - path: src/evaluate.py
      md5: f1de572f6c093813c7344ab3e7c569e9
      size: 3236
    outs:
    - path: output/metrics.json
      md5: 8650214061fffde003676f53426eaf7b
      size: 60
    - path: output/test/predictions.json
      md5: b4f6de7ef4db5909bb03e2fd9a6016d9
      size: 310000
    - path: output/test/samples_of_mispredicted_images/
      md5: d5899273d3e8c098985a4da0f579bc14.dir
      size: 173172
      nfiles: 10
